
Microsoft Visual Studio Solution File, Format Version 12.00
# Visual Studio Version 17
VisualStudioVersion = 17.8.34330.188
MinimumVisualStudioVersion = 10.0.40219.1
Project("{FAE04EC0-301F-11D3-BF4B-00C04F79EFBC}") = "Selenium Final with Accuweather", "Selenium Final with Accuweather\Selenium Final with Accuweather.csproj", "{5F557CD8-4967-430B-89A7-F7D48A09EAB6}"
EndProject
Global
	GlobalSection(SolutionConfigurationPlatforms) = preSolution
		Debug|Any CPU = Debug|Any CPU
		Release|Any CPU = Release|Any CPU
	EndGlobalSection
	GlobalSection(ProjectConfigurationPlatforms) = postSolution
		{5F557CD8-4967-430B-89A7-F7D48A09EAB6}.Debug|Any CPU.ActiveCfg = Debug|Any CPU
		{5F557CD8-4967-430B-89A7-F7D48A09EAB6}.Debug|Any CPU.Build.0 = Debug|Any CPU
		{5F557CD8-4967-430B-89A7-F7D48A09EAB6}.Release|Any CPU.ActiveCfg = Release|Any CPU
		{5F557CD8-4967-430B-89A7-F7D48A09EAB6}.Release|Any CPU.Build.0 = Release|Any CPU
	EndGlobalSection
	GlobalSection(SolutionProperties) = preSolution
		HideSolutionNode = FALSE
	EndGlobalSection
	GlobalSection(ExtensibilityGlobals) = postSolution
		SolutionGuid = {9685D084-342C-4359-9F8F-460DDBB0B9A4}
	EndGlobalSection
EndGlobal
